
Microsoft Visual Studio Solution File, Format Version 12.00
# Visual Studio Version 16
VisualStudioVersion = 16.0.28729.10
MinimumVisualStudioVersion = 10.0.40219.1
Project("{FAE04EC0-301F-11D3-BF4B-00C04F79EFBC}") = "Adventure with graphics", "Adventure with graphics.csproj", "{FF9C220B-A9A8-4C1F-9F9B-838211BFAE47}"
EndProject
Global
	GlobalSection(SolutionConfigurationPlatforms) = preSolution
		Debug|Any CPU = Debug|Any CPU
		Release|Any CPU = Release|Any CPU
	EndGlobalSection
	GlobalSection(ProjectConfigurationPlatforms) = postSolution
		{FF9C220B-A9A8-4C1F-9F9B-838211BFAE47}.Debug|Any CPU.ActiveCfg = Debug|Any CPU
		{FF9C220B-A9A8-4C1F-9F9B-838211BFAE47}.Debug|Any CPU.Build.0 = Debug|Any CPU
		{FF9C220B-A9A8-4C1F-9F9B-838211BFAE47}.Release|Any CPU.ActiveCfg = Release|Any CPU
		{FF9C220B-A9A8-4C1F-9F9B-838211BFAE47}.Release|Any CPU.Build.0 = Release|Any CPU
	EndGlobalSection
	GlobalSection(SolutionProperties) = preSolution
		HideSolutionNode = FALSE
	EndGlobalSection
	GlobalSection(ExtensibilityGlobals) = postSolution
		SolutionGuid = {659B90E1-D108-4738-B1D0-1B85FA735126}
	EndGlobalSection
EndGlobal
